# This file is automatically @generated by Cargo.
# It is not intended for manual editing.
version = 4

[[package]]
name = "bcx"
version = "0.2.0"
dependencies = [
 "bcx-core",
 "bcx-crypto",
 "bcx-model",
 "bcx-policy",
 "bcx-wire",
]

[[package]]
name = "bcx-core"
version = "0.2.0"
dependencies = [
 "zeroize",
]

[[package]]
name = "bcx-crypto"
version = "0.2.0"
dependencies = [
 "bcx-core",
 "bcx-wire",
]

[[package]]
name = "bcx-model"
version = "0.2.0"
dependencies = [
 "bcx-core",
]

[[package]]
name = "bcx-policy"
version = "0.2.0"

[[package]]
name = "bcx-wire"
version = "0.2.0"
dependencies = [
 "bcx-core",
]

[[package]]
name = "zeroize"
version = "1.9.0"
source = "registry+https://github.com/rust-lang/crates.io-index"
checksum = "e13c156562582aa81c60cb29407084cdb54c4164760106ab78e6c5b0858cf64e"
